
Microsoft Visual Studio Solution File, Format Version 12.00
# Visual Studio Version 17
VisualStudioVersion = 17.9.34728.123
MinimumVisualStudioVersion = 10.0.40219.1
Project("{FAE04EC0-301F-11D3-BF4B-00C04F79EFBC}") = "HomeWork17", "HomeWork17\HomeWork17.csproj", "{EAA09C72-D114-4829-9912-3E722210B6B6}"
EndProject
Project("{2150E333-8FDC-42A3-9474-1A3956D46DE8}") = "Domain", "Domain", "{CD4EB923-1082-4439-B71D-4554F28DDD5A}"
EndProject
Project("{2150E333-8FDC-42A3-9474-1A3956D46DE8}") = "DataAccess", "DataAccess", "{9E2E4A76-2953-47FE-8AA5-5B481609E442}"
EndProject
Project("{2150E333-8FDC-42A3-9474-1A3956D46DE8}") = "Service", "Service", "{E241B2D8-6595-47B9-9EA1-54477155A70F}"
EndProject
Project("{2150E333-8FDC-42A3-9474-1A3956D46DE8}") = "Presentation", "Presentation", "{42FC7209-581D-4FCF-BC3D-F5EBC885C87A}"
EndProject
Global
	GlobalSection(SolutionConfigurationPlatforms) = preSolution
		Debug|Any CPU = Debug|Any CPU
		Release|Any CPU = Release|Any CPU
	EndGlobalSection
	GlobalSection(ProjectConfigurationPlatforms) = postSolution
		{EAA09C72-D114-4829-9912-3E722210B6B6}.Debug|Any CPU.ActiveCfg = Debug|Any CPU
		{EAA09C72-D114-4829-9912-3E722210B6B6}.Debug|Any CPU.Build.0 = Debug|Any CPU
		{EAA09C72-D114-4829-9912-3E722210B6B6}.Release|Any CPU.ActiveCfg = Release|Any CPU
		{EAA09C72-D114-4829-9912-3E722210B6B6}.Release|Any CPU.Build.0 = Release|Any CPU
	EndGlobalSection
	GlobalSection(SolutionProperties) = preSolution
		HideSolutionNode = FALSE
	EndGlobalSection
	GlobalSection(NestedProjects) = preSolution
		{EAA09C72-D114-4829-9912-3E722210B6B6} = {42FC7209-581D-4FCF-BC3D-F5EBC885C87A}
	EndGlobalSection
	GlobalSection(ExtensibilityGlobals) = postSolution
		SolutionGuid = {FFC9DA23-B734-4211-B0FD-0A2795A4F2A3}
	EndGlobalSection
EndGlobal
