
Microsoft Visual Studio Solution File, Format Version 12.00
# Visual Studio Version 17
VisualStudioVersion = 17.9.34728.123
MinimumVisualStudioVersion = 10.0.40219.1
Project("{FAE04EC0-301F-11D3-BF4B-00C04F79EFBC}") = "HomeWork17", "HomeWork17\HomeWork17.csproj", "{EAA09C72-D114-4829-9912-3E722210B6B6}"
EndProject
Project("{2150E333-8FDC-42A3-9474-1A3956D46DE8}") = "Domain", "Domain", "{25C2E064-5B1A-486A-BBD9-8C72160D44A3}"
EndProject
Project("{FAE04EC0-301F-11D3-BF4B-00C04F79EFBC}") = "HomeWork17.Domain", "HomeWork17.Domain\HomeWork17.Domain.csproj", "{6626CBBF-FF4C-4070-997D-BF9FE30BE578}"
EndProject
Project("{2150E333-8FDC-42A3-9474-1A3956D46DE8}") = "DataAccess", "DataAccess", "{48AFAF08-5E3D-4806-BB0F-45AC464C19AC}"
EndProject
Project("{FAE04EC0-301F-11D3-BF4B-00C04F79EFBC}") = "HomeWork17.DataAccess", "HomeWork17.DataAccess\HomeWork17.DataAccess.csproj", "{8AC49DC1-A76E-4011-AD3A-6D28E50F2C95}"
EndProject
Project("{2150E333-8FDC-42A3-9474-1A3956D46DE8}") = "Service", "Service", "{0FCC9D8F-E62E-4478-B67A-8BA279DB536C}"
EndProject
Project("{FAE04EC0-301F-11D3-BF4B-00C04F79EFBC}") = "HomeWork17.Service", "HomeWork17.Service\HomeWork17.Service.csproj", "{15FF1649-EC87-4B2D-BF64-DC052E6B1D05}"
EndProject
Project("{2150E333-8FDC-42A3-9474-1A3956D46DE8}") = "Presentation", "Presentation", "{1A4CD060-6822-493B-BA69-245B91F5FB10}"
EndProject
Global
	GlobalSection(SolutionConfigurationPlatforms) = preSolution
		Debug|Any CPU = Debug|Any CPU
		Release|Any CPU = Release|Any CPU
	EndGlobalSection
	GlobalSection(ProjectConfigurationPlatforms) = postSolution
		{EAA09C72-D114-4829-9912-3E722210B6B6}.Debug|Any CPU.ActiveCfg = Debug|Any CPU
		{EAA09C72-D114-4829-9912-3E722210B6B6}.Debug|Any CPU.Build.0 = Debug|Any CPU
		{EAA09C72-D114-4829-9912-3E722210B6B6}.Release|Any CPU.ActiveCfg = Release|Any CPU
		{EAA09C72-D114-4829-9912-3E722210B6B6}.Release|Any CPU.Build.0 = Release|Any CPU
		{6626CBBF-FF4C-4070-997D-BF9FE30BE578}.Debug|Any CPU.ActiveCfg = Debug|Any CPU
		{6626CBBF-FF4C-4070-997D-BF9FE30BE578}.Debug|Any CPU.Build.0 = Debug|Any CPU
		{6626CBBF-FF4C-4070-997D-BF9FE30BE578}.Release|Any CPU.ActiveCfg = Release|Any CPU
		{6626CBBF-FF4C-4070-997D-BF9FE30BE578}.Release|Any CPU.Build.0 = Release|Any CPU
		{8AC49DC1-A76E-4011-AD3A-6D28E50F2C95}.Debug|Any CPU.ActiveCfg = Debug|Any CPU
		{8AC49DC1-A76E-4011-AD3A-6D28E50F2C95}.Debug|Any CPU.Build.0 = Debug|Any CPU
		{8AC49DC1-A76E-4011-AD3A-6D28E50F2C95}.Release|Any CPU.ActiveCfg = Release|Any CPU
		{8AC49DC1-A76E-4011-AD3A-6D28E50F2C95}.Release|Any CPU.Build.0 = Release|Any CPU
		{15FF1649-EC87-4B2D-BF64-DC052E6B1D05}.Debug|Any CPU.ActiveCfg = Debug|Any CPU
		{15FF1649-EC87-4B2D-BF64-DC052E6B1D05}.Debug|Any CPU.Build.0 = Debug|Any CPU
		{15FF1649-EC87-4B2D-BF64-DC052E6B1D05}.Release|Any CPU.ActiveCfg = Release|Any CPU
		{15FF1649-EC87-4B2D-BF64-DC052E6B1D05}.Release|Any CPU.Build.0 = Release|Any CPU
	EndGlobalSection
	GlobalSection(SolutionProperties) = preSolution
		HideSolutionNode = FALSE
	EndGlobalSection
	GlobalSection(NestedProjects) = preSolution
		{EAA09C72-D114-4829-9912-3E722210B6B6} = {1A4CD060-6822-493B-BA69-245B91F5FB10}
		{6626CBBF-FF4C-4070-997D-BF9FE30BE578} = {25C2E064-5B1A-486A-BBD9-8C72160D44A3}
		{8AC49DC1-A76E-4011-AD3A-6D28E50F2C95} = {48AFAF08-5E3D-4806-BB0F-45AC464C19AC}
		{15FF1649-EC87-4B2D-BF64-DC052E6B1D05} = {0FCC9D8F-E62E-4478-B67A-8BA279DB536C}
	EndGlobalSection
	GlobalSection(ExtensibilityGlobals) = postSolution
		SolutionGuid = {FFC9DA23-B734-4211-B0FD-0A2795A4F2A3}
	EndGlobalSection
EndGlobal
